// !$*UTF8*$!
{
	archiveVersion = 1;
	classes = {
	};
	objectVersion = 47;
	objects = {

/* Begin PBXBuildFile section */
		5C065D451B3091D8001A4CF3 /* ClassicScene.swift in Sources */ = {isa = PBXBuildFile; fileRef = 5C065D441B3091D8001A4CF3 /* ClassicScene.swift */; };
		5C1329021B59679700059A43 /* AudioToolbox.framework in Frameworks */ = {isa = PBXBuildFile; fileRef = 5C1328FA1B59679700059A43 /* AudioToolbox.framework */; };
		5C1329031B59679700059A43 /* CFNetwork.framework in Frameworks */ = {isa = PBXBuildFile; fileRef = 5C1328FB1B59679700059A43 /* CFNetwork.framework */; };
		5C1329041B59679700059A43 /* CoreGraphics.framework in Frameworks */ = {isa = PBXBuildFile; fileRef = 5C1328FC1B59679700059A43 /* CoreGraphics.framework */; };
		5C1329051B59679700059A43 /* CoreLocation.framework in Frameworks */ = {isa = PBXBuildFile; fileRef = 5C1328FD1B59679700059A43 /* CoreLocation.framework */; };
		5C1329071B59679700059A43 /* QuartzCore.framework in Frameworks */ = {isa = PBXBuildFile; fileRef = 5C1328FF1B59679700059A43 /* QuartzCore.framework */; };
		5C1329081B59679700059A43 /* Security.framework in Frameworks */ = {isa = PBXBuildFile; fileRef = 5C1329001B59679700059A43 /* Security.framework */; };
		5C1329091B59679700059A43 /* SystemConfiguration.framework in Frameworks */ = {isa = PBXBuildFile; fileRef = 5C1329011B59679700059A43 /* SystemConfiguration.framework */; };
		5C13290B1B59697A00059A43 /* libstdc++.6.tbd in Frameworks */ = {isa = PBXBuildFile; fileRef = 5C13290A1B59697A00059A43 /* libstdc++.6.tbd */; };
		5C13290D1B59698D00059A43 /* libsqlite3.tbd in Frameworks */ = {isa = PBXBuildFile; fileRef = 5C13290C1B59698D00059A43 /* libsqlite3.tbd */; };
		5C1329101B5969C600059A43 /* libz.tbd in Frameworks */ = {isa = PBXBuildFile; fileRef = 5C13290F1B5969C600059A43 /* libz.tbd */; };
		5C5FE2D51B2A35530029EC23 /* AppDelegate.swift in Sources */ = {isa = PBXBuildFile; fileRef = 5C5FE2D41B2A35530029EC23 /* AppDelegate.swift */; };
		5C5FE2D91B2A35530029EC23 /* MainMenuScene.swift in Sources */ = {isa = PBXBuildFile; fileRef = 5C5FE2D81B2A35530029EC23 /* MainMenuScene.swift */; };
		5C5FE2DB1B2A35530029EC23 /* GameViewController.swift in Sources */ = {isa = PBXBuildFile; fileRef = 5C5FE2DA1B2A35530029EC23 /* GameViewController.swift */; };
		5C5FE2DE1B2A35530029EC23 /* Main.storyboard in Resources */ = {isa = PBXBuildFile; fileRef = 5C5FE2DC1B2A35530029EC23 /* Main.storyboard */; };
		5C5FE2E01B2A35530029EC23 /* Assets.xcassets in Resources */ = {isa = PBXBuildFile; fileRef = 5C5FE2DF1B2A35530029EC23 /* Assets.xcassets */; };
		5C5FE2E31B2A35530029EC23 /* LaunchScreen.storyboard in Resources */ = {isa = PBXBuildFile; fileRef = 5C5FE2E11B2A35530029EC23 /* LaunchScreen.storyboard */; };
		5C5FE2EB1B2A785F0029EC23 /* Circle.swift in Sources */ = {isa = PBXBuildFile; fileRef = 5C5FE2EA1B2A785F0029EC23 /* Circle.swift */; };
		5C5FE2ED1B2A7E520029EC23 /* Utils.swift in Sources */ = {isa = PBXBuildFile; fileRef = 5C5FE2EC1B2A7E520029EC23 /* Utils.swift */; };
		5C5FE2F31B2A833C0029EC23 /* StoreKit.framework in Frameworks */ = {isa = PBXBuildFile; fileRef = 5C5FE2F21B2A833C0029EC23 /* StoreKit.framework */; };
		5C66757F1B431409007E352F /* BadCircle.swift in Sources */ = {isa = PBXBuildFile; fileRef = 5C66757E1B431409007E352F /* BadCircle.swift */; };
		5C692A061B7628DA00140B26 /* CloudKit.framework in Frameworks */ = {isa = PBXBuildFile; fileRef = 5C692A051B7628DA00140B26 /* CloudKit.framework */; };
		5C7108E11B742D7000A31D77 /* GameKit.framework in Frameworks */ = {isa = PBXBuildFile; fileRef = 5C7108E01B742D7000A31D77 /* GameKit.framework */; };
		5C7178E21B5C758600913122 /* ArcadeScene.swift in Sources */ = {isa = PBXBuildFile; fileRef = 5C7178E11B5C758600913122 /* ArcadeScene.swift */; };
		5C8CD1BC1B4178BA00C2D3C2 /* Social.framework in Frameworks */ = {isa = PBXBuildFile; fileRef = 5C8CD1BB1B4178BA00C2D3C2 /* Social.framework */; };
		5CB6AE611B2B3D9E009D5CA7 /* TouchCircle.swift in Sources */ = {isa = PBXBuildFile; fileRef = 5CB6AE601B2B3D9E009D5CA7 /* TouchCircle.swift */; };
		5CE66C3E1B31D78E0078B9A5 /* MenuCircle.swift in Sources */ = {isa = PBXBuildFile; fileRef = 5CE66C3D1B31D78E0078B9A5 /* MenuCircle.swift */; };
		5CE66C411B33A03B0078B9A5 /* Orbitron Black.otf in Resources */ = {isa = PBXBuildFile; fileRef = 5CE66C3F1B33A03B0078B9A5 /* Orbitron Black.otf */; };
		5CE66C421B33A03B0078B9A5 /* Orbitron Medium.ttf in Resources */ = {isa = PBXBuildFile; fileRef = 5CE66C401B33A03B0078B9A5 /* Orbitron Medium.ttf */; };
		5CE66C4C1B379BEB0078B9A5 /* RainbowEffect.swift in Sources */ = {isa = PBXBuildFile; fileRef = 5CE66C4B1B379BEB0078B9A5 /* RainbowEffect.swift */; };
		5CE66C4E1B379C660078B9A5 /* BackgroundEffect.swift in Sources */ = {isa = PBXBuildFile; fileRef = 5CE66C4D1B379C660078B9A5 /* BackgroundEffect.swift */; };
		5CE66C511B379CF70078B9A5 /* highpop.wav in Resources */ = {isa = PBXBuildFile; fileRef = 5CE66C4F1B379CF70078B9A5 /* highpop.wav */; };
		5CE66C521B379CF70078B9A5 /* highpop2.wav in Resources */ = {isa = PBXBuildFile; fileRef = 5CE66C501B379CF70078B9A5 /* highpop2.wav */; };
		5CE66C571B379D080078B9A5 /* badpop.wav in Resources */ = {isa = PBXBuildFile; fileRef = 5CE66C531B379D080078B9A5 /* badpop.wav */; };
		5CE66C581B379D080078B9A5 /* Icon_Full.png in Resources */ = {isa = PBXBuildFile; fileRef = 5CE66C541B379D080078B9A5 /* Icon_Full.png */; };
		5CE66C591B379D080078B9A5 /* jaguar.wav in Resources */ = {isa = PBXBuildFile; fileRef = 5CE66C551B379D080078B9A5 /* jaguar.wav */; };
		5CE66C5A1B379D080078B9A5 /* lowpop.wav in Resources */ = {isa = PBXBuildFile; fileRef = 5CE66C561B379D080078B9A5 /* lowpop.wav */; };
		5CFCF56B1B628D9B00E63356 /* VoidsScene.swift in Sources */ = {isa = PBXBuildFile; fileRef = 5CFCF56A1B628D9B00E63356 /* VoidsScene.swift */; };
		5CFCF56D1B62DE5700E63356 /* GameOverScreen.swift in Sources */ = {isa = PBXBuildFile; fileRef = 5CFCF56C1B62DE5700E63356 /* GameOverScreen.swift */; };
		84422BA51D7675330063659D /* GoogleService-Info.plist in Resources */ = {isa = PBXBuildFile; fileRef = 84422BA41D7675330063659D /* GoogleService-Info.plist */; };
		84BB8E241C1511F00044D8FB /* MKOutlinedLabelNode.swift in Sources */ = {isa = PBXBuildFile; fileRef = 84BB8E231C1511F00044D8FB /* MKOutlinedLabelNode.swift */; };
		C58F3BC28C8953C960E7C383 /* Pods_PopADots.framework in Frameworks */ = {isa = PBXBuildFile; fileRef = 7F75D90FF504487D0E6AFA8B /* Pods_PopADots.framework */; };
/* End PBXBuildFile section */

/* Begin PBXFileReference section */
		5C00C0A61B74E6B50076EE61 /* PopADots.entitlements */ = {isa = PBXFileReference; lastKnownFileType = text.xml; path = PopADots.entitlements; sourceTree = "<group>"; };
		5C065D441B3091D8001A4CF3 /* ClassicScene.swift */ = {isa = PBXFileReference; fileEncoding = 4; lastKnownFileType = sourcecode.swift; path = ClassicScene.swift; sourceTree = "<group>"; };
		5C1328FA1B59679700059A43 /* AudioToolbox.framework */ = {isa = PBXFileReference; lastKnownFileType = wrapper.framework; name = AudioToolbox.framework; path = System/Library/Frameworks/AudioToolbox.framework; sourceTree = SDKROOT; };
		5C1328FB1B59679700059A43 /* CFNetwork.framework */ = {isa = PBXFileReference; lastKnownFileType = wrapper.framework; name = CFNetwork.framework; path = System/Library/Frameworks/CFNetwork.framework; sourceTree = SDKROOT; };
		5C1328FC1B59679700059A43 /* CoreGraphics.framework */ = {isa = PBXFileReference; lastKnownFileType = wrapper.framework; name = CoreGraphics.framework; path = System/Library/Frameworks/CoreGraphics.framework; sourceTree = SDKROOT; };
		5C1328FD1B59679700059A43 /* CoreLocation.framework */ = {isa = PBXFileReference; lastKnownFileType = wrapper.framework; name = CoreLocation.framework; path = System/Library/Frameworks/CoreLocation.framework; sourceTree = SDKROOT; };
		5C1328FF1B59679700059A43 /* QuartzCore.framework */ = {isa = PBXFileReference; lastKnownFileType = wrapper.framework; name = QuartzCore.framework; path = System/Library/Frameworks/QuartzCore.framework; sourceTree = SDKROOT; };
		5C1329001B59679700059A43 /* Security.framework */ = {isa = PBXFileReference; lastKnownFileType = wrapper.framework; name = Security.framework; path = System/Library/Frameworks/Security.framework; sourceTree = SDKROOT; };
		5C1329011B59679700059A43 /* SystemConfiguration.framework */ = {isa = PBXFileReference; lastKnownFileType = wrapper.framework; name = SystemConfiguration.framework; path = System/Library/Frameworks/SystemConfiguration.framework; sourceTree = SDKROOT; };
		5C13290A1B59697A00059A43 /* libstdc++.6.tbd */ = {isa = PBXFileReference; lastKnownFileType = "sourcecode.text-based-dylib-definition"; name = "libstdc++.6.tbd"; path = "usr/lib/libstdc++.6.tbd"; sourceTree = SDKROOT; };
		5C13290C1B59698D00059A43 /* libsqlite3.tbd */ = {isa = PBXFileReference; lastKnownFileType = "sourcecode.text-based-dylib-definition"; name = libsqlite3.tbd; path = usr/lib/libsqlite3.tbd; sourceTree = SDKROOT; };
		5C13290F1B5969C600059A43 /* libz.tbd */ = {isa = PBXFileReference; lastKnownFileType = "sourcecode.text-based-dylib-definition"; name = libz.tbd; path = usr/lib/libz.tbd; sourceTree = SDKROOT; };
		5C5FE2D11B2A35530029EC23 /* PopADots.app */ = {isa = PBXFileReference; explicitFileType = wrapper.application; includeInIndex = 0; path = PopADots.app; sourceTree = BUILT_PRODUCTS_DIR; };
		5C5FE2D41B2A35530029EC23 /* AppDelegate.swift */ = {isa = PBXFileReference; lastKnownFileType = sourcecode.swift; path = AppDelegate.swift; sourceTree = "<group>"; };
		5C5FE2D81B2A35530029EC23 /* MainMenuScene.swift */ = {isa = PBXFileReference; lastKnownFileType = sourcecode.swift; path = MainMenuScene.swift; sourceTree = "<group>"; };
		5C5FE2DA1B2A35530029EC23 /* GameViewController.swift */ = {isa = PBXFileReference; lastKnownFileType = sourcecode.swift; path = GameViewController.swift; sourceTree = "<group>"; };
		5C5FE2DD1B2A35530029EC23 /* Base */ = {isa = PBXFileReference; lastKnownFileType = file.storyboard; name = Base; path = Base.lproj/Main.storyboard; sourceTree = "<group>"; };
		5C5FE2DF1B2A35530029EC23 /* Assets.xcassets */ = {isa = PBXFileReference; lastKnownFileType = folder.assetcatalog; path = Assets.xcassets; sourceTree = "<group>"; };
		5C5FE2E21B2A35530029EC23 /* Base */ = {isa = PBXFileReference; lastKnownFileType = file.storyboard; name = Base; path = Base.lproj/LaunchScreen.storyboard; sourceTree = "<group>"; };
		5C5FE2E41B2A35530029EC23 /* Info.plist */ = {isa = PBXFileReference; lastKnownFileType = text.plist.xml; path = Info.plist; sourceTree = "<group>"; };
		5C5FE2EA1B2A785F0029EC23 /* Circle.swift */ = {isa = PBXFileReference; fileEncoding = 4; lastKnownFileType = sourcecode.swift; path = Circle.swift; sourceTree = "<group>"; };
		5C5FE2EC1B2A7E520029EC23 /* Utils.swift */ = {isa = PBXFileReference; fileEncoding = 4; lastKnownFileType = sourcecode.swift; path = Utils.swift; sourceTree = "<group>"; };
		5C5FE2F21B2A833C0029EC23 /* StoreKit.framework */ = {isa = PBXFileReference; lastKnownFileType = wrapper.framework; name = StoreKit.framework; path = System/Library/Frameworks/StoreKit.framework; sourceTree = SDKROOT; };
		5C66757E1B431409007E352F /* BadCircle.swift */ = {isa = PBXFileReference; fileEncoding = 4; lastKnownFileType = sourcecode.swift; path = BadCircle.swift; sourceTree = "<group>"; };
		5C692A051B7628DA00140B26 /* CloudKit.framework */ = {isa = PBXFileReference; lastKnownFileType = wrapper.framework; name = CloudKit.framework; path = System/Library/Frameworks/CloudKit.framework; sourceTree = SDKROOT; };
		5C7108E01B742D7000A31D77 /* GameKit.framework */ = {isa = PBXFileReference; lastKnownFileType = wrapper.framework; name = GameKit.framework; path = System/Library/Frameworks/GameKit.framework; sourceTree = SDKROOT; };
		5C7178E11B5C758600913122 /* ArcadeScene.swift */ = {isa = PBXFileReference; fileEncoding = 4; lastKnownFileType = sourcecode.swift; path = ArcadeScene.swift; sourceTree = "<group>"; };
		5C8CD1BB1B4178BA00C2D3C2 /* Social.framework */ = {isa = PBXFileReference; lastKnownFileType = wrapper.framework; name = Social.framework; path = System/Library/Frameworks/Social.framework; sourceTree = SDKROOT; };
		5CB6AE601B2B3D9E009D5CA7 /* TouchCircle.swift */ = {isa = PBXFileReference; fileEncoding = 4; lastKnownFileType = sourcecode.swift; path = TouchCircle.swift; sourceTree = "<group>"; };
		5CE66C3D1B31D78E0078B9A5 /* MenuCircle.swift */ = {isa = PBXFileReference; fileEncoding = 4; lastKnownFileType = sourcecode.swift; path = MenuCircle.swift; sourceTree = "<group>"; };
		5CE66C3F1B33A03B0078B9A5 /* Orbitron Black.otf */ = {isa = PBXFileReference; lastKnownFileType = file; path = "Orbitron Black.otf"; sourceTree = "<group>"; };
		5CE66C401B33A03B0078B9A5 /* Orbitron Medium.ttf */ = {isa = PBXFileReference; lastKnownFileType = file; path = "Orbitron Medium.ttf"; sourceTree = "<group>"; };
		5CE66C4B1B379BEB0078B9A5 /* RainbowEffect.swift */ = {isa = PBXFileReference; fileEncoding = 4; lastKnownFileType = sourcecode.swift; path = RainbowEffect.swift; sourceTree = "<group>"; };
		5CE66C4D1B379C660078B9A5 /* BackgroundEffect.swift */ = {isa = PBXFileReference; fileEncoding = 4; lastKnownFileType = sourcecode.swift; path = BackgroundEffect.swift; sourceTree = "<group>"; };
		5CE66C4F1B379CF70078B9A5 /* highpop.wav */ = {isa = PBXFileReference; lastKnownFileType = audio.wav; path = highpop.wav; sourceTree = "<group>"; };
		5CE66C501B379CF70078B9A5 /* highpop2.wav */ = {isa = PBXFileReference; lastKnownFileType = audio.wav; path = highpop2.wav; sourceTree = "<group>"; };
		5CE66C531B379D080078B9A5 /* badpop.wav */ = {isa = PBXFileReference; lastKnownFileType = audio.wav; path = badpop.wav; sourceTree = "<group>"; };
		5CE66C541B379D080078B9A5 /* Icon_Full.png */ = {isa = PBXFileReference; lastKnownFileType = image.png; path = Icon_Full.png; sourceTree = "<group>"; };
		5CE66C551B379D080078B9A5 /* jaguar.wav */ = {isa = PBXFileReference; lastKnownFileType = audio.wav; path = jaguar.wav; sourceTree = "<group>"; };
		5CE66C561B379D080078B9A5 /* lowpop.wav */ = {isa = PBXFileReference; lastKnownFileType = audio.wav; path = lowpop.wav; sourceTree = "<group>"; };
		5CFCF56A1B628D9B00E63356 /* VoidsScene.swift */ = {isa = PBXFileReference; fileEncoding = 4; lastKnownFileType = sourcecode.swift; path = VoidsScene.swift; sourceTree = "<group>"; };
		5CFCF56C1B62DE5700E63356 /* GameOverScreen.swift */ = {isa = PBXFileReference; fileEncoding = 4; lastKnownFileType = sourcecode.swift; path = GameOverScreen.swift; sourceTree = "<group>"; };
		75F52B790D723DAA913F6456 /* Pods-PopADots.debug.xcconfig */ = {isa = PBXFileReference; includeInIndex = 1; lastKnownFileType = text.xcconfig; name = "Pods-PopADots.debug.xcconfig"; path = "Pods/Target Support Files/Pods-PopADots/Pods-PopADots.debug.xcconfig"; sourceTree = "<group>"; };
		7AAB6B960F57ED11B85E644A /* Pods-PopADots.release.xcconfig */ = {isa = PBXFileReference; includeInIndex = 1; lastKnownFileType = text.xcconfig; name = "Pods-PopADots.release.xcconfig"; path = "Pods/Target Support Files/Pods-PopADots/Pods-PopADots.release.xcconfig"; sourceTree = "<group>"; };
		7F75D90FF504487D0E6AFA8B /* Pods_PopADots.framework */ = {isa = PBXFileReference; explicitFileType = wrapper.framework; includeInIndex = 0; path = Pods_PopADots.framework; sourceTree = BUILT_PRODUCTS_DIR; };
		84422BA41D7675330063659D /* GoogleService-Info.plist */ = {isa = PBXFileReference; fileEncoding = 4; lastKnownFileType = text.plist.xml; path = "GoogleService-Info.plist"; sourceTree = "<group>"; };
		84BB8E231C1511F00044D8FB /* MKOutlinedLabelNode.swift */ = {isa = PBXFileReference; fileEncoding = 4; lastKnownFileType = sourcecode.swift; path = MKOutlinedLabelNode.swift; sourceTree = "<group>"; };
/* End PBXFileReference section */

/* Begin PBXFrameworksBuildPhase section */
		5C5FE2CE1B2A35530029EC23 /* Frameworks */ = {
			isa = PBXFrameworksBuildPhase;
			buildActionMask = 2147483647;
			files = (
				5C692A061B7628DA00140B26 /* CloudKit.framework in Frameworks */,
				5C1329101B5969C600059A43 /* libz.tbd in Frameworks */,
				5C13290D1B59698D00059A43 /* libsqlite3.tbd in Frameworks */,
				5C13290B1B59697A00059A43 /* libstdc++.6.tbd in Frameworks */,
				5C1329021B59679700059A43 /* AudioToolbox.framework in Frameworks */,
				5C1329031B59679700059A43 /* CFNetwork.framework in Frameworks */,
				5C1329041B59679700059A43 /* CoreGraphics.framework in Frameworks */,
				5C1329051B59679700059A43 /* CoreLocation.framework in Frameworks */,
				5C1329071B59679700059A43 /* QuartzCore.framework in Frameworks */,
				5C1329081B59679700059A43 /* Security.framework in Frameworks */,
				5C1329091B59679700059A43 /* SystemConfiguration.framework in Frameworks */,
				5C8CD1BC1B4178BA00C2D3C2 /* Social.framework in Frameworks */,
				5C5FE2F31B2A833C0029EC23 /* StoreKit.framework in Frameworks */,
				5C7108E11B742D7000A31D77 /* GameKit.framework in Frameworks */,
				C58F3BC28C8953C960E7C383 /* Pods_PopADots.framework in Frameworks */,
			);
			runOnlyForDeploymentPostprocessing = 0;
		};
/* End PBXFrameworksBuildPhase section */

/* Begin PBXGroup section */
		5A3CDBC3FF8280965936684D /* Frameworks */ = {
			isa = PBXGroup;
			children = (
				7F75D90FF504487D0E6AFA8B /* Pods_PopADots.framework */,
			);
			name = Frameworks;
			sourceTree = "<group>";
		};
		5C5FE2C81B2A35530029EC23 = {
			isa = PBXGroup;
			children = (
				84422BA41D7675330063659D /* GoogleService-Info.plist */,
				5C692A051B7628DA00140B26 /* CloudKit.framework */,
				5C7108E01B742D7000A31D77 /* GameKit.framework */,
				5C13290F1B5969C600059A43 /* libz.tbd */,
				5C13290C1B59698D00059A43 /* libsqlite3.tbd */,
				5C13290A1B59697A00059A43 /* libstdc++.6.tbd */,
				5C1328FA1B59679700059A43 /* AudioToolbox.framework */,
				5C1328FB1B59679700059A43 /* CFNetwork.framework */,
				5C1328FC1B59679700059A43 /* CoreGraphics.framework */,
				5C1328FD1B59679700059A43 /* CoreLocation.framework */,
				5C1328FF1B59679700059A43 /* QuartzCore.framework */,
				5C1329001B59679700059A43 /* Security.framework */,
				5C1329011B59679700059A43 /* SystemConfiguration.framework */,
				5C8CD1BB1B4178BA00C2D3C2 /* Social.framework */,
				5C5FE2F21B2A833C0029EC23 /* StoreKit.framework */,
				5C5FE2D31B2A35530029EC23 /* PopADots */,
				5C5FE2D21B2A35530029EC23 /* Products */,
				631052FA58D9414099DFC651 /* Pods */,
				5A3CDBC3FF8280965936684D /* Frameworks */,
			);
			sourceTree = "<group>";
		};
		5C5FE2D21B2A35530029EC23 /* Products */ = {
			isa = PBXGroup;
			children = (
				5C5FE2D11B2A35530029EC23 /* PopADots.app */,
			);
			name = Products;
			sourceTree = "<group>";
		};
		5C5FE2D31B2A35530029EC23 /* PopADots */ = {
			isa = PBXGroup;
			children = (
				5C00C0A61B74E6B50076EE61 /* PopADots.entitlements */,
				5CE66C531B379D080078B9A5 /* badpop.wav */,
				5CE66C541B379D080078B9A5 /* Icon_Full.png */,
				5CE66C551B379D080078B9A5 /* jaguar.wav */,
				5CE66C561B379D080078B9A5 /* lowpop.wav */,
				5CE66C4F1B379CF70078B9A5 /* highpop.wav */,
				5CE66C501B379CF70078B9A5 /* highpop2.wav */,
				5CE66C3F1B33A03B0078B9A5 /* Orbitron Black.otf */,
				5CE66C401B33A03B0078B9A5 /* Orbitron Medium.ttf */,
				5C5FE2D41B2A35530029EC23 /* AppDelegate.swift */,
				5C5FE2D81B2A35530029EC23 /* MainMenuScene.swift */,
				5C5FE2DA1B2A35530029EC23 /* GameViewController.swift */,
				5C5FE2DC1B2A35530029EC23 /* Main.storyboard */,
				5C5FE2DF1B2A35530029EC23 /* Assets.xcassets */,
				5C5FE2E11B2A35530029EC23 /* LaunchScreen.storyboard */,
				5C5FE2E41B2A35530029EC23 /* Info.plist */,
				5C5FE2EA1B2A785F0029EC23 /* Circle.swift */,
				5C5FE2EC1B2A7E520029EC23 /* Utils.swift */,
				5CB6AE601B2B3D9E009D5CA7 /* TouchCircle.swift */,
				5C065D441B3091D8001A4CF3 /* ClassicScene.swift */,
				5CE66C3D1B31D78E0078B9A5 /* MenuCircle.swift */,
				5CE66C4B1B379BEB0078B9A5 /* RainbowEffect.swift */,
				5CE66C4D1B379C660078B9A5 /* BackgroundEffect.swift */,
				5C66757E1B431409007E352F /* BadCircle.swift */,
				5CFCF56C1B62DE5700E63356 /* GameOverScreen.swift */,
				5C7178E11B5C758600913122 /* ArcadeScene.swift */,
				5CFCF56A1B628D9B00E63356 /* VoidsScene.swift */,
				84BB8E231C1511F00044D8FB /* MKOutlinedLabelNode.swift */,
			);
			path = PopADots;
			sourceTree = "<group>";
		};
		631052FA58D9414099DFC651 /* Pods */ = {
			isa = PBXGroup;
			children = (
				75F52B790D723DAA913F6456 /* Pods-PopADots.debug.xcconfig */,
				7AAB6B960F57ED11B85E644A /* Pods-PopADots.release.xcconfig */,
			);
			name = Pods;
			sourceTree = "<group>";
		};
/* End PBXGroup section */

/* Begin PBXNativeTarget section */
		5C5FE2D01B2A35530029EC23 /* PopADots */ = {
			isa = PBXNativeTarget;
			buildConfigurationList = 5C5FE2E71B2A35530029EC23 /* Build configuration list for PBXNativeTarget "PopADots" */;
			buildPhases = (
				AF84BD39B7AA0F893787D213 /* [CP] Check Pods Manifest.lock */,
				5C5FE2CD1B2A35530029EC23 /* Sources */,
				5C5FE2CE1B2A35530029EC23 /* Frameworks */,
				5C5FE2CF1B2A35530029EC23 /* Resources */,
				5CB6AE4F1B2A8A1C009D5CA7 /* ShellScript */,
				9D19C30AFAA6678135F42B48 /* [CP] Embed Pods Frameworks */,
				A0BD31A297E8C8E3A03B3436 /* [CP] Copy Pods Resources */,
			);
			buildRules = (
			);
			dependencies = (
			);
			name = PopADots;
			productName = PopADots;
			productReference = 5C5FE2D11B2A35530029EC23 /* PopADots.app */;
			productType = "com.apple.product-type.application";
		};
/* End PBXNativeTarget section */

/* Begin PBXProject section */
		5C5FE2C91B2A35530029EC23 /* Project object */ = {
			isa = PBXProject;
			attributes = {
				LastSwiftUpdateCheck = 0710;
				LastUpgradeCheck = 0800;
				ORGANIZATIONNAME = Sirkles;
				TargetAttributes = {
					5C5FE2D01B2A35530029EC23 = {
						CreatedOnToolsVersion = 7.0;
						DevelopmentTeam = K25LL55U7W;
						LastSwiftMigration = 0800;
						SystemCapabilities = {
							com.apple.DataProtection = {
								enabled = 1;
							};
							com.apple.GameCenter = {
								enabled = 1;
							};
							com.apple.InAppPurchase = {
								enabled = 1;
							};
							com.apple.Push = {
								enabled = 1;
							};
							com.apple.iCloud = {
								enabled = 1;
							};
						};
					};
				};
			};
			buildConfigurationList = 5C5FE2CC1B2A35530029EC23 /* Build configuration list for PBXProject "PopADots" */;
			compatibilityVersion = "Xcode 6.3";
			developmentRegion = English;
			hasScannedForEncodings = 0;
			knownRegions = (
				en,
				Base,
			);
			mainGroup = 5C5FE2C81B2A35530029EC23;
			productRefGroup = 5C5FE2D21B2A35530029EC23 /* Products */;
			projectDirPath = "";
			projectRoot = "";
			targets = (
				5C5FE2D01B2A35530029EC23 /* PopADots */,
			);
		};
/* End PBXProject section */

/* Begin PBXResourcesBuildPhase section */
		5C5FE2CF1B2A35530029EC23 /* Resources */ = {
			isa = PBXResourcesBuildPhase;
			buildActionMask = 2147483647;
			files = (
				5CE66C591B379D080078B9A5 /* jaguar.wav in Resources */,
				5CE66C411B33A03B0078B9A5 /* Orbitron Black.otf in Resources */,
				5C5FE2E31B2A35530029EC23 /* LaunchScreen.storyboard in Resources */,
				5CE66C5A1B379D080078B9A5 /* lowpop.wav in Resources */,
				5CE66C521B379CF70078B9A5 /* highpop2.wav in Resources */,
				84422BA51D7675330063659D /* GoogleService-Info.plist in Resources */,
				5CE66C571B379D080078B9A5 /* badpop.wav in Resources */,
				5C5FE2E01B2A35530029EC23 /* Assets.xcassets in Resources */,
				5CE66C421B33A03B0078B9A5 /* Orbitron Medium.ttf in Resources */,
				5CE66C511B379CF70078B9A5 /* highpop.wav in Resources */,
				5C5FE2DE1B2A35530029EC23 /* Main.storyboard in Resources */,
				5CE66C581B379D080078B9A5 /* Icon_Full.png in Resources */,
			);
			runOnlyForDeploymentPostprocessing = 0;
		};
/* End PBXResourcesBuildPhase section */

/* Begin PBXShellScriptBuildPhase section */
		5CB6AE4F1B2A8A1C009D5CA7 /* ShellScript */ = {
			isa = PBXShellScriptBuildPhase;
			buildActionMask = 2147483647;
			files = (
			);
			inputPaths = (
			);
			outputPaths = (
			);
			runOnlyForDeploymentPostprocessing = 0;
			shellPath = /bin/sh;
			shellScript = "GOOGLE_APP_ID=1:1021897847933:ios:c709f40746c8218d\n\n\"${PODS_ROOT}\"/FirebaseCrash/upload-sym \"./Pop a Dots-aa7e9ae86d7a.json\"";
		};
		9D19C30AFAA6678135F42B48 /* [CP] Embed Pods Frameworks */ = {
			isa = PBXShellScriptBuildPhase;
			buildActionMask = 2147483647;
			files = (
			);
			inputPaths = (
			);
			name = "[CP] Embed Pods Frameworks";
			outputPaths = (
			);
			runOnlyForDeploymentPostprocessing = 0;
			shellPath = /bin/sh;
			shellScript = "\"${SRCROOT}/Pods/Target Support Files/Pods-PopADots/Pods-PopADots-frameworks.sh\"\n";
			showEnvVarsInLog = 0;
		};
		A0BD31A297E8C8E3A03B3436 /* [CP] Copy Pods Resources */ = {
			isa = PBXShellScriptBuildPhase;
			buildActionMask = 2147483647;
			files = (
			);
			inputPaths = (
			);
			name = "[CP] Copy Pods Resources";
			outputPaths = (
			);
			runOnlyForDeploymentPostprocessing = 0;
			shellPath = /bin/sh;
			shellScript = "\"${SRCROOT}/Pods/Target Support Files/Pods-PopADots/Pods-PopADots-resources.sh\"\n";
			showEnvVarsInLog = 0;
		};
		AF84BD39B7AA0F893787D213 /* [CP] Check Pods Manifest.lock */ = {
			isa = PBXShellScriptBuildPhase;
			buildActionMask = 2147483647;
			files = (
			);
			inputPaths = (
			);
			name = "[CP] Check Pods Manifest.lock";
			outputPaths = (
			);
			runOnlyForDeploymentPostprocessing = 0;
			shellPath = /bin/sh;
			shellScript = "diff \"${PODS_ROOT}/../Podfile.lock\" \"${PODS_ROOT}/Manifest.lock\" > /dev/null\nif [[ $? != 0 ]] ; then\n    cat << EOM\nerror: The sandbox is not in sync with the Podfile.lock. Run 'pod install' or update your CocoaPods installation.\nEOM\n    exit 1\nfi\n";
			showEnvVarsInLog = 0;
		};
/* End PBXShellScriptBuildPhase section */

/* Begin PBXSourcesBuildPhase section */
		5C5FE2CD1B2A35530029EC23 /* Sources */ = {
			isa = PBXSourcesBuildPhase;
			buildActionMask = 2147483647;
			files = (
				5C7178E21B5C758600913122 /* ArcadeScene.swift in Sources */,
				5C5FE2ED1B2A7E520029EC23 /* Utils.swift in Sources */,
				5C5FE2D91B2A35530029EC23 /* MainMenuScene.swift in Sources */,
				5CE66C3E1B31D78E0078B9A5 /* MenuCircle.swift in Sources */,
				5C5FE2EB1B2A785F0029EC23 /* Circle.swift in Sources */,
				84BB8E241C1511F00044D8FB /* MKOutlinedLabelNode.swift in Sources */,
				5C065D451B3091D8001A4CF3 /* ClassicScene.swift in Sources */,
				5C66757F1B431409007E352F /* BadCircle.swift in Sources */,
				5C5FE2DB1B2A35530029EC23 /* GameViewController.swift in Sources */,
				5CE66C4E1B379C660078B9A5 /* BackgroundEffect.swift in Sources */,
				5CE66C4C1B379BEB0078B9A5 /* RainbowEffect.swift in Sources */,
				5CFCF56B1B628D9B00E63356 /* VoidsScene.swift in Sources */,
				5CFCF56D1B62DE5700E63356 /* GameOverScreen.swift in Sources */,
				5C5FE2D51B2A35530029EC23 /* AppDelegate.swift in Sources */,
				5CB6AE611B2B3D9E009D5CA7 /* TouchCircle.swift in Sources */,
			);
			runOnlyForDeploymentPostprocessing = 0;
		};
/* End PBXSourcesBuildPhase section */

/* Begin PBXVariantGroup section */
		5C5FE2DC1B2A35530029EC23 /* Main.storyboard */ = {
			isa = PBXVariantGroup;
			children = (
				5C5FE2DD1B2A35530029EC23 /* Base */,
			);
			name = Main.storyboard;
			sourceTree = "<group>";
		};
		5C5FE2E11B2A35530029EC23 /* LaunchScreen.storyboard */ = {
			isa = PBXVariantGroup;
			children = (
				5C5FE2E21B2A35530029EC23 /* Base */,
			);
			name = LaunchScreen.storyboard;
			sourceTree = "<group>";
		};
/* End PBXVariantGroup section */

/* Begin XCBuildConfiguration section */
		5C5FE2E51B2A35530029EC23 /* Debug */ = {
			isa = XCBuildConfiguration;
			buildSettings = {
				ALWAYS_SEARCH_USER_PATHS = NO;
				CLANG_CXX_LANGUAGE_STANDARD = "gnu++0x";
				CLANG_CXX_LIBRARY = "libc++";
				CLANG_ENABLE_MODULES = YES;
				CLANG_ENABLE_OBJC_ARC = YES;
				CLANG_WARN_BOOL_CONVERSION = YES;
				CLANG_WARN_CONSTANT_CONVERSION = YES;
				CLANG_WARN_DIRECT_OBJC_ISA_USAGE = YES_ERROR;
				CLANG_WARN_EMPTY_BODY = YES;
				CLANG_WARN_ENUM_CONVERSION = YES;
				CLANG_WARN_INFINITE_RECURSION = YES;
				CLANG_WARN_INT_CONVERSION = YES;
				CLANG_WARN_OBJC_ROOT_CLASS = YES_ERROR;
				CLANG_WARN_SUSPICIOUS_MOVE = YES;
				CLANG_WARN_UNREACHABLE_CODE = YES;
				CLANG_WARN__DUPLICATE_METHOD_MATCH = YES;
				CODE_SIGN_ENTITLEMENTS = PopADots/PopADots.entitlements;
				CODE_SIGN_IDENTITY = "";
				"CODE_SIGN_IDENTITY[sdk=iphoneos*]" = "iPhone Developer";
				COPY_PHASE_STRIP = NO;
				DEBUG_INFORMATION_FORMAT = "dwarf-with-dsym";
				ENABLE_STRICT_OBJC_MSGSEND = YES;
				ENABLE_TESTABILITY = YES;
				GCC_C_LANGUAGE_STANDARD = gnu99;
				GCC_DYNAMIC_NO_PIC = NO;
				GCC_NO_COMMON_BLOCKS = YES;
				GCC_OPTIMIZATION_LEVEL = 0;
				GCC_PREPROCESSOR_DEFINITIONS = (
					"DEBUG=1",
					"$(inherited)",
				);
				GCC_WARN_64_TO_32_BIT_CONVERSION = YES;
				GCC_WARN_ABOUT_RETURN_TYPE = YES_ERROR;
				GCC_WARN_UNDECLARED_SELECTOR = YES;
				GCC_WARN_UNINITIALIZED_AUTOS = YES_AGGRESSIVE;
				GCC_WARN_UNUSED_FUNCTION = YES;
				GCC_WARN_UNUSED_VARIABLE = YES;
				IPHONEOS_DEPLOYMENT_TARGET = 9.0;
				MTL_ENABLE_DEBUG_INFO = YES;
				ONLY_ACTIVE_ARCH = YES;
				PROVISIONING_PROFILE = "";
				SDKROOT = iphoneos;
				SWIFT_OPTIMIZATION_LEVEL = "-Onone";
				TARGETED_DEVICE_FAMILY = "1,2";
			};
			name = Debug;
		};
		5C5FE2E61B2A35530029EC23 /* Release */ = {
			isa = XCBuildConfiguration;
			buildSettings = {
				ALWAYS_SEARCH_USER_PATHS = NO;
				CLANG_CXX_LANGUAGE_STANDARD = "gnu++0x";
				CLANG_CXX_LIBRARY = "libc++";
				CLANG_ENABLE_MODULES = YES;
				CLANG_ENABLE_OBJC_ARC = YES;
				CLANG_WARN_BOOL_CONVERSION = YES;
				CLANG_WARN_CONSTANT_CONVERSION = YES;
				CLANG_WARN_DIRECT_OBJC_ISA_USAGE = YES_ERROR;
				CLANG_WARN_EMPTY_BODY = YES;
				CLANG_WARN_ENUM_CONVERSION = YES;
				CLANG_WARN_INFINITE_RECURSION = YES;
				CLANG_WARN_INT_CONVERSION = YES;
				CLANG_WARN_OBJC_ROOT_CLASS = YES_ERROR;
				CLANG_WARN_SUSPICIOUS_MOVE = YES;
				CLANG_WARN_UNREACHABLE_CODE = YES;
				CLANG_WARN__DUPLICATE_METHOD_MATCH = YES;
				CODE_SIGN_ENTITLEMENTS = PopADots/PopADots.entitlements;
				CODE_SIGN_IDENTITY = "";
				"CODE_SIGN_IDENTITY[sdk=iphoneos*]" = "iPhone Developer";
				COPY_PHASE_STRIP = NO;
				DEBUG_INFORMATION_FORMAT = "dwarf-with-dsym";
				ENABLE_NS_ASSERTIONS = NO;
				ENABLE_STRICT_OBJC_MSGSEND = YES;
				GCC_C_LANGUAGE_STANDARD = gnu99;
				GCC_NO_COMMON_BLOCKS = YES;
				GCC_WARN_64_TO_32_BIT_CONVERSION = YES;
				GCC_WARN_ABOUT_RETURN_TYPE = YES_ERROR;
				GCC_WARN_UNDECLARED_SELECTOR = YES;
				GCC_WARN_UNINITIALIZED_AUTOS = YES_AGGRESSIVE;
				GCC_WARN_UNUSED_FUNCTION = YES;
				GCC_WARN_UNUSED_VARIABLE = YES;
				IPHONEOS_DEPLOYMENT_TARGET = 9.0;
				MTL_ENABLE_DEBUG_INFO = NO;
				PROVISIONING_PROFILE = "";
				SDKROOT = iphoneos;
				TARGETED_DEVICE_FAMILY = "1,2";
				VALIDATE_PRODUCT = YES;
			};
			name = Release;
		};
		5C5FE2E81B2A35530029EC23 /* Debug */ = {
			isa = XCBuildConfiguration;
			baseConfigurationReference = 75F52B790D723DAA913F6456 /* Pods-PopADots.debug.xcconfig */;
			buildSettings = {
				ASSETCATALOG_COMPILER_APPICON_NAME = AppIcon;
				CODE_SIGN_IDENTITY = "iPhone Developer";
				"CODE_SIGN_IDENTITY[sdk=iphoneos*]" = "iPhone Developer";
				DEBUG_INFORMATION_FORMAT = "dwarf-with-dsym";
				ENABLE_BITCODE = NO;
				FRAMEWORK_SEARCH_PATHS = (
					"$(SRCROOT)/**",
					"$(PROJECT_DIR)",
				);
				INFOPLIST_FILE = PopADots/Info.plist;
				IPHONEOS_DEPLOYMENT_TARGET = 8.0;
				LD_RUNPATH_SEARCH_PATHS = "$(inherited) @executable_path/Frameworks";
				PRODUCT_BUNDLE_IDENTIFIER = net.sirkles.PopADots.ios;
				PRODUCT_NAME = "$(TARGET_NAME)";
				PROVISIONING_PROFILE = "";
				SDKROOT = iphoneos;
				SWIFT_VERSION = 3.0;
			};
			name = Debug;
		};
		5C5FE2E91B2A35530029EC23 /* Release */ = {
			isa = XCBuildConfiguration;
			baseConfigurationReference = 7AAB6B960F57ED11B85E644A /* Pods-PopADots.release.xcconfig */;
			buildSettings = {
				ASSETCATALOG_COMPILER_APPICON_NAME = AppIcon;
				CODE_SIGN_IDENTITY = "iPhone Developer";
				"CODE_SIGN_IDENTITY[sdk=iphoneos*]" = "iPhone Developer";
				ENABLE_BITCODE = NO;
				FRAMEWORK_SEARCH_PATHS = (
					"$(SRCROOT)/**",
					"$(PROJECT_DIR)",
				);
				INFOPLIST_FILE = PopADots/Info.plist;
				IPHONEOS_DEPLOYMENT_TARGET = 8.0;
				LD_RUNPATH_SEARCH_PATHS = "$(inherited) @executable_path/Frameworks";
				PRODUCT_BUNDLE_IDENTIFIER = net.sirkles.PopADots.ios;
				PRODUCT_NAME = "$(TARGET_NAME)";
				PROVISIONING_PROFILE = "";
				SDKROOT = iphoneos;
				SWIFT_OPTIMIZATION_LEVEL = "-Owholemodule";
				SWIFT_VERSION = 3.0;
			};
			name = Release;
		};
/* End XCBuildConfiguration section */

/* Begin XCConfigurationList section */
		5C5FE2CC1B2A35530029EC23 /* Build configuration list for PBXProject "PopADots" */ = {
			isa = XCConfigurationList;
			buildConfigurations = (
				5C5FE2E51B2A35530029EC23 /* Debug */,
				5C5FE2E61B2A35530029EC23 /* Release */,
			);
			defaultConfigurationIsVisible = 0;
			defaultConfigurationName = Release;
		};
		5C5FE2E71B2A35530029EC23 /* Build configuration list for PBXNativeTarget "PopADots" */ = {
			isa = XCConfigurationList;
			buildConfigurations = (
				5C5FE2E81B2A35530029EC23 /* Debug */,
				5C5FE2E91B2A35530029EC23 /* Release */,
			);
			defaultConfigurationIsVisible = 0;
			defaultConfigurationName = Release;
		};
/* End XCConfigurationList section */
	};
	rootObject = 5C5FE2C91B2A35530029EC23 /* Project object */;
}
